
Microsoft Visual Studio Solution File, Format Version 12.00
# Visual Studio Version 17
VisualStudioVersion = 17.9.34723.18
MinimumVisualStudioVersion = 10.0.40219.1
Project("{9A19103F-16F7-4668-BE54-9A1E7A4F7556}") = "BookLibrary.WebApi", "Example.WebApi\BookLibrary.WebApi.csproj", "{E5FABF9C-0662-4081-9B35-FB94784C22C2}"
EndProject
Project("{9A19103F-16F7-4668-BE54-9A1E7A4F7556}") = "BookLibrary.Model", "Model\BookLibrary.Model.csproj", "{9FAA9D5F-D6AC-44C6-9470-974CF62DAE28}"
EndProject
Project("{9A19103F-16F7-4668-BE54-9A1E7A4F7556}") = "BookLibrary.Service", "Service\BookLibrary.Service.csproj", "{2D380EAB-1A57-417C-8085-3187ADBB65F9}"
EndProject
Project("{9A19103F-16F7-4668-BE54-9A1E7A4F7556}") = "BookLibrary.Repository", "Repository\BookLibrary.Repository.csproj", "{4CA5C01F-4E1E-447E-B9E1-A9F8FF846A43}"
EndProject
Project("{9A19103F-16F7-4668-BE54-9A1E7A4F7556}") = "BookLibrary.Service.Common", "Service.Common\BookLibrary.Service.Common.csproj", "{F39C0555-2154-43AE-981F-BBE9BE423F9A}"
EndProject
Project("{9A19103F-16F7-4668-BE54-9A1E7A4F7556}") = "BookLibrary.Repository.Common", "Repository.Common\BookLibrary.Repository.Common.csproj", "{77C34D68-7F68-4C46-A319-0527560EA3ED}"
EndProject
Project("{9A19103F-16F7-4668-BE54-9A1E7A4F7556}") = "BookLibrary.Common", "Common\BookLibrary.Common.csproj", "{A027CC49-C187-4DCF-B950-41BBFFD9463D}"
EndProject
Global
	GlobalSection(SolutionConfigurationPlatforms) = preSolution
		Debug|Any CPU = Debug|Any CPU
		Release|Any CPU = Release|Any CPU
	EndGlobalSection
	GlobalSection(ProjectConfigurationPlatforms) = postSolution
		{E5FABF9C-0662-4081-9B35-FB94784C22C2}.Debug|Any CPU.ActiveCfg = Debug|Any CPU
		{E5FABF9C-0662-4081-9B35-FB94784C22C2}.Debug|Any CPU.Build.0 = Debug|Any CPU
		{E5FABF9C-0662-4081-9B35-FB94784C22C2}.Release|Any CPU.ActiveCfg = Release|Any CPU
		{E5FABF9C-0662-4081-9B35-FB94784C22C2}.Release|Any CPU.Build.0 = Release|Any CPU
		{9FAA9D5F-D6AC-44C6-9470-974CF62DAE28}.Debug|Any CPU.ActiveCfg = Debug|Any CPU
		{9FAA9D5F-D6AC-44C6-9470-974CF62DAE28}.Debug|Any CPU.Build.0 = Debug|Any CPU
		{9FAA9D5F-D6AC-44C6-9470-974CF62DAE28}.Release|Any CPU.ActiveCfg = Release|Any CPU
		{9FAA9D5F-D6AC-44C6-9470-974CF62DAE28}.Release|Any CPU.Build.0 = Release|Any CPU
		{2D380EAB-1A57-417C-8085-3187ADBB65F9}.Debug|Any CPU.ActiveCfg = Debug|Any CPU
		{2D380EAB-1A57-417C-8085-3187ADBB65F9}.Debug|Any CPU.Build.0 = Debug|Any CPU
		{2D380EAB-1A57-417C-8085-3187ADBB65F9}.Release|Any CPU.ActiveCfg = Release|Any CPU
		{2D380EAB-1A57-417C-8085-3187ADBB65F9}.Release|Any CPU.Build.0 = Release|Any CPU
		{4CA5C01F-4E1E-447E-B9E1-A9F8FF846A43}.Debug|Any CPU.ActiveCfg = Debug|Any CPU
		{4CA5C01F-4E1E-447E-B9E1-A9F8FF846A43}.Debug|Any CPU.Build.0 = Debug|Any CPU
		{4CA5C01F-4E1E-447E-B9E1-A9F8FF846A43}.Release|Any CPU.ActiveCfg = Release|Any CPU
		{4CA5C01F-4E1E-447E-B9E1-A9F8FF846A43}.Release|Any CPU.Build.0 = Release|Any CPU
		{F39C0555-2154-43AE-981F-BBE9BE423F9A}.Debug|Any CPU.ActiveCfg = Debug|Any CPU
		{F39C0555-2154-43AE-981F-BBE9BE423F9A}.Debug|Any CPU.Build.0 = Debug|Any CPU
		{F39C0555-2154-43AE-981F-BBE9BE423F9A}.Release|Any CPU.ActiveCfg = Release|Any CPU
		{F39C0555-2154-43AE-981F-BBE9BE423F9A}.Release|Any CPU.Build.0 = Release|Any CPU
		{77C34D68-7F68-4C46-A319-0527560EA3ED}.Debug|Any CPU.ActiveCfg = Debug|Any CPU
		{77C34D68-7F68-4C46-A319-0527560EA3ED}.Debug|Any CPU.Build.0 = Debug|Any CPU
		{77C34D68-7F68-4C46-A319-0527560EA3ED}.Release|Any CPU.ActiveCfg = Release|Any CPU
		{77C34D68-7F68-4C46-A319-0527560EA3ED}.Release|Any CPU.Build.0 = Release|Any CPU
		{A027CC49-C187-4DCF-B950-41BBFFD9463D}.Debug|Any CPU.ActiveCfg = Debug|Any CPU
		{A027CC49-C187-4DCF-B950-41BBFFD9463D}.Debug|Any CPU.Build.0 = Debug|Any CPU
		{A027CC49-C187-4DCF-B950-41BBFFD9463D}.Release|Any CPU.ActiveCfg = Release|Any CPU
		{A027CC49-C187-4DCF-B950-41BBFFD9463D}.Release|Any CPU.Build.0 = Release|Any CPU
	EndGlobalSection
	GlobalSection(SolutionProperties) = preSolution
		HideSolutionNode = FALSE
	EndGlobalSection
	GlobalSection(ExtensibilityGlobals) = postSolution
		SolutionGuid = {343A51B0-6977-438B-83F3-8FA0B3212745}
	EndGlobalSection
EndGlobal
